<?xml version="1.0" encoding="utf-8"?>
<Project ToolsVersion="4.0" xmlns="http://schemas.microsoft.com/developer/msbuild/2003">
  <ItemGroup>
    <Filter Include="Source Files">
      <UniqueIdentifier>{4FC737F1-C7A5-4376-A066-2A32D752A2FF}</UniqueIdentifier>
      <Extensions>cpp;c;cc;cxx;c++;cppm;ixx;def;odl;idl;hpj;bat;asm;asmx</Extensions>
    </Filter>
    <Filter Include="Header Files">
      <UniqueIdentifier>{93995380-89BD-4b04-88EB-625FBE52EBFB}</UniqueIdentifier>
      <Extensions>h;hh;hpp;hxx;h++;hm;inl;inc;ipp;xsd</Extensions>
    </Filter>
    <Filter Include="Resource Files">
      <UniqueIdentifier>{67DA6AB6-F800-4c08-8B7A-83BB121AAD01}</UniqueIdentifier>
      <Extensions>rc;ico;cur;bmp;dlg;rc2;rct;bin;rgs;gif;jpg;jpeg;jpe;resx;tiff;tif;png;wav;mfcribbon-ms</Extensions>
    </Filter>
    <Filter Include="AssetsManager">
      <UniqueIdentifier>{12c7b33d-8599-4c8c-94bc-0cffbb64d133}</UniqueIdentifier>
    </Filter>
    <Filter Include="WindowManager">
      <UniqueIdentifier>{b8b4191e-5817-431a-bf75-cfbe25d031de}</UniqueIdentifier>
    </Filter>
    <Filter Include="GameSystem">
      <UniqueIdentifier>{1afbe83b-de35-4e41-82d5-ae1603ce6c72}</UniqueIdentifier>
    </Filter>
    <Filter Include="GameSystem\Scene">
      <UniqueIdentifier>{7112975c-f0c1-4371-8742-281b630aab62}</UniqueIdentifier>
    </Filter>
    <Filter Include="InputManager">
      <UniqueIdentifier>{98c58e2a-bd39-45d8-bcdc-ea39902249f2}</UniqueIdentifier>
    </Filter>
    <Filter Include="GameLoop">
      <UniqueIdentifier>{64bbd3cb-c433-44fe-b615-ad4fefcba0d6}</UniqueIdentifier>
    </Filter>
    <Filter Include="GameSystem\SystemTick">
      <UniqueIdentifier>{9c8c4277-0214-481d-a35d-d1a0982bbefe}</UniqueIdentifier>
    </Filter>
    <Filter Include="GameObject">
      <UniqueIdentifier>{4b7ddc44-d58c-40b6-a5a1-bbd6a9d06e0f}</UniqueIdentifier>
    </Filter>
    <Filter Include="GameObject\GameObject">
      <UniqueIdentifier>{08def2a6-75bc-4683-a892-da9f396658b6}</UniqueIdentifier>
    </Filter>
    <Filter Include="GameObject\Scripts">
      <UniqueIdentifier>{b18550e0-b1c3-4f9a-a6a1-d780b6f256e8}</UniqueIdentifier>
    </Filter>
    <Filter Include="ShaderUtils">
      <UniqueIdentifier>{95b9455b-bfab-42cc-bcd5-e71c7a04f4dd}</UniqueIdentifier>
    </Filter>
    <Filter Include="ShaderUtils\Triangle">
      <UniqueIdentifier>{e8e16710-78c3-4116-a195-3dfbcfe85d66}</UniqueIdentifier>
    </Filter>
    <Filter Include="ShaderUtils\Triangle\Basic">
      <UniqueIdentifier>{a081c57b-f595-4551-a793-fbba7f382541}</UniqueIdentifier>
    </Filter>
    <Filter Include="ShaderUtils\Triangle\barycentric">
      <UniqueIdentifier>{6e4e0c5e-34a8-448e-9ae4-d92f978e37ae}</UniqueIdentifier>
    </Filter>
    <Filter Include="GameObject\Components">
      <UniqueIdentifier>{6d3aa0ff-62f2-4e41-b4cc-e1761c8eb61e}</UniqueIdentifier>
    </Filter>
    <Filter Include="GameObject\Components\MeshRenderer">
      <UniqueIdentifier>{f9f8908b-c675-4192-a02f-0a223a3a7151}</UniqueIdentifier>
    </Filter>
    <Filter Include="GameObject\Components\Transformation">
      <UniqueIdentifier>{8e231f38-33f7-4e2a-92bd-998b8d8a9f45}</UniqueIdentifier>
    </Filter>
    <Filter Include="SceneDesigner">
      <UniqueIdentifier>{ce50c667-3fb2-4476-bfe4-e0cee6942d2f}</UniqueIdentifier>
    </Filter>
    <Filter Include="SceneDesigner\Scene1">
      <UniqueIdentifier>{ecbf0050-0492-461f-b1f2-19cac23d443e}</UniqueIdentifier>
    </Filter>
    <Filter Include="GameObject\Camera">
      <UniqueIdentifier>{d46723a5-b788-41cd-a617-8c82d621c234}</UniqueIdentifier>
    </Filter>
    <Filter Include="ShaderUtils\Cube">
      <UniqueIdentifier>{4293ce0d-a264-4230-8ade-916a1fe9fb45}</UniqueIdentifier>
    </Filter>
    <Filter Include="GameStructs">
      <UniqueIdentifier>{f050a3d9-124e-4e86-9360-14f8a76b97ef}</UniqueIdentifier>
    </Filter>
    <Filter Include="Assets">
      <UniqueIdentifier>{622aed61-31e7-4614-af97-1a2833c70cba}</UniqueIdentifier>
    </Filter>
  </ItemGroup>
  <ItemGroup>
    <ClCompile Include="Legends.Core.Main.cpp">
      <Filter>Source Files</Filter>
    </ClCompile>
    <ClCompile Include="base_assets_loader.cpp">
      <Filter>AssetsManager</Filter>
    </ClCompile>
    <ClCompile Include="bmp_loader.cpp">
      <Filter>AssetsManager</Filter>
    </ClCompile>
    <ClCompile Include="assets_manager.cpp">
      <Filter>AssetsManager</Filter>
    </ClCompile>
    <ClCompile Include="transform.cpp">
      <Filter>GameObject\Components\Transformation</Filter>
    </ClCompile>
    <ClCompile Include="rotation.cpp">
      <Filter>GameObject\Components\Transformation</Filter>
    </ClCompile>
    <ClCompile Include="scale.cpp">
      <Filter>GameObject\Components\Transformation</Filter>
    </ClCompile>
    <ClCompile Include="window_manager.cpp">
      <Filter>WindowManager</Filter>
    </ClCompile>
    <ClCompile Include="game_loop.cpp">
      <Filter>GameLoop</Filter>
    </ClCompile>
    <ClCompile Include="game_system.cpp">
      <Filter>GameSystem</Filter>
    </ClCompile>
    <ClCompile Include="scene_manager.cpp">
      <Filter>GameSystem\Scene</Filter>
    </ClCompile>
    <ClCompile Include="scene.cpp">
      <Filter>GameSystem\Scene</Filter>
    </ClCompile>
    <ClCompile Include="sprite.cpp">
      <Filter>GameObject\Components\Transformation</Filter>
    </ClCompile>
    <ClCompile Include="scene_layer.cpp">
      <Filter>GameSystem\Scene</Filter>
    </ClCompile>
    <ClCompile Include="img_loader.cpp">
      <Filter>AssetsManager</Filter>
    </ClCompile>
    <ClCompile Include="input_state.cpp">
      <Filter>InputManager</Filter>
    </ClCompile>
    <ClCompile Include="input_manager.cpp">
      <Filter>InputManager</Filter>
    </ClCompile>
    <ClCompile Include="tile_map.cpp">
      <Filter>GameSystem\Scene</Filter>
    </ClCompile>
    <ClCompile Include="system.cpp">
      <Filter>GameSystem\SystemTick</Filter>
    </ClCompile>
    <ClCompile Include="glad.c">
      <Filter>Source Files</Filter>
    </ClCompile>
    <ClCompile Include="game_object.cpp">
      <Filter>GameObject\GameObject</Filter>
    </ClCompile>
    <ClCompile Include="triangle_basic.cpp">
      <Filter>ShaderUtils\Triangle\Basic</Filter>
    </ClCompile>
    <ClCompile Include="base_mesh_renderer.cpp">
      <Filter>GameObject\Components\MeshRenderer</Filter>
    </ClCompile>
    <ClCompile Include="shader_utils.cpp">
      <Filter>ShaderUtils</Filter>
    </ClCompile>
    <ClCompile Include="barycentric.cpp">
      <Filter>ShaderUtils\Triangle\barycentric</Filter>
    </ClCompile>
    <ClCompile Include="scene_designer.cpp">
      <Filter>SceneDesigner</Filter>
    </ClCompile>
    <ClCompile Include="textured_triangle_mesh_renderer.cpp">
      <Filter>SceneDesigner\Scene1</Filter>
    </ClCompile>
    <ClCompile Include="image_byte_array_loader.cpp">
      <Filter>AssetsManager</Filter>
    </ClCompile>
    <ClCompile Include="camera.cpp">
      <Filter>GameObject\Camera</Filter>
    </ClCompile>
    <ClCompile Include="cube_textured_mesh_renderer.cpp">
      <Filter>SceneDesigner\Scene1</Filter>
    </ClCompile>
    <ClCompile Include="textured_cube_shaders.cpp">
      <Filter>ShaderUtils\Cube</Filter>
    </ClCompile>
  </ItemGroup>
  <ItemGroup>
    <ClInclude Include="transform.h">
      <Filter>GameObject\Components\Transformation</Filter>
    </ClInclude>
    <ClInclude Include="rotation.h">
      <Filter>GameObject\Components\Transformation</Filter>
    </ClInclude>
    <ClInclude Include="scale.h">
      <Filter>GameObject\Components\Transformation</Filter>
    </ClInclude>
    <ClInclude Include="base_assets_loader.h">
      <Filter>AssetsManager</Filter>
    </ClInclude>
    <ClInclude Include="assets_manager.h">
      <Filter>AssetsManager</Filter>
    </ClInclude>
    <ClInclude Include="bmp_loader.h">
      <Filter>AssetsManager</Filter>
    </ClInclude>
    <ClInclude Include="window_manager.h">
      <Filter>WindowManager</Filter>
    </ClInclude>
    <ClInclude Include="game_loop.h">
      <Filter>GameLoop</Filter>
    </ClInclude>
    <ClInclude Include="game_system.h">
      <Filter>GameSystem</Filter>
    </ClInclude>
    <ClInclude Include="scene_manager.h">
      <Filter>GameSystem\Scene</Filter>
    </ClInclude>
    <ClInclude Include="scene.h">
      <Filter>GameSystem\Scene</Filter>
    </ClInclude>
    <ClInclude Include="sprite.h">
      <Filter>GameObject\Components\Transformation</Filter>
    </ClInclude>
    <ClInclude Include="scene_layer.h">
      <Filter>GameSystem\Scene</Filter>
    </ClInclude>
    <ClInclude Include="input_state.h">
      <Filter>InputManager</Filter>
    </ClInclude>
    <ClInclude Include="img_loader.h">
      <Filter>AssetsManager</Filter>
    </ClInclude>
    <ClInclude Include="input_manager.h">
      <Filter>InputManager</Filter>
    </ClInclude>
    <ClInclude Include="tile_map.h">
      <Filter>GameSystem\Scene</Filter>
    </ClInclude>
    <ClInclude Include="glad.h">
      <Filter>Header Files</Filter>
    </ClInclude>
    <ClInclude Include="khrplatform.h">
      <Filter>Header Files</Filter>
    </ClInclude>
    <ClInclude Include="game_object.h">
      <Filter>GameObject\GameObject</Filter>
    </ClInclude>
    <ClInclude Include="base_mesh_renderer.h">
      <Filter>GameObject\Components\MeshRenderer</Filter>
    </ClInclude>
    <ClInclude Include="shader_utils.h">
      <Filter>ShaderUtils</Filter>
    </ClInclude>
    <ClInclude Include="scene_designer.h">
      <Filter>SceneDesigner</Filter>
    </ClInclude>
    <ClInclude Include="textured_triangle_mesh_renderer.h">
      <Filter>SceneDesigner\Scene1</Filter>
    </ClInclude>
    <ClInclude Include="image_byte_array_loader.h">
      <Filter>AssetsManager</Filter>
    </ClInclude>
    <ClInclude Include="camera.h">
      <Filter>GameObject\Camera</Filter>
    </ClInclude>
    <ClInclude Include="cube_textured_mesh_renderer.h">
      <Filter>SceneDesigner\Scene1</Filter>
    </ClInclude>
    <ClInclude Include="resource.h">
      <Filter>Header Files</Filter>
    </ClInclude>
    <ClInclude Include="game_structs.h">
      <Filter>GameStructs</Filter>
    </ClInclude>
    <ClInclude Include="system.h">
      <Filter>GameSystem\SystemTick</Filter>
    </ClInclude>
  </ItemGroup>
  <ItemGroup>
    <CopyFileToFolders Include="hello_world.bmp">
      <Filter>Assets</Filter>
    </CopyFileToFolders>
    <CopyFileToFolders Include="map.png">
      <Filter>Assets</Filter>
    </CopyFileToFolders>
    <CopyFileToFolders Include="tile.jpg">
      <Filter>Assets</Filter>
    </CopyFileToFolders>
    <CopyFileToFolders Include="tile_sand_and_flock_of_grass.jpg">
      <Filter>Assets</Filter>
    </CopyFileToFolders>
    <CopyFileToFolders Include="tile_w2.jpg">
      <Filter>Assets</Filter>
    </CopyFileToFolders>
  </ItemGroup>
  <ItemGroup>
    <None Include="vcpkg.json" />
  </ItemGroup>
  <ItemGroup>
    <Text Include="readme.txt" />
  </ItemGroup>
  <ItemGroup>
    <ResourceCompile Include="Legends.Core.rc">
      <Filter>Resource Files</Filter>
    </ResourceCompile>
  </ItemGroup>
</Project>